<?xml version="1.0" encoding="utf-8"?>
<Project ToolsVersion="4.0" xmlns="http://schemas.microsoft.com/developer/msbuild/2003">
  <ItemGroup>
    <ClInclude Include="headers\Game.h" />
    <ClInclude Include="headers\Rendering\Shader.h" />
    <ClInclude Include="headers\Rendering\Texture.h" />
    <ClInclude Include="headers\Managers\ResourceManager.h" />
    <ClInclude Include="headers\Rendering\stb_image.h" />
    <ClInclude Include="headers\Rendering\SpriteRenderer.h" />
    <ClInclude Include="headers\GameObjects\GameObject.h" />
    <ClInclude Include="headers\Managers\InputManager.h" />
    <ClInclude Include="headers\GameObjects\Cannon.h" />
    <ClInclude Include="headers\GameObjects\Laser.h" />
    <ClInclude Include="headers\GameConstants.h" />
    <ClInclude Include="headers\GameObjects\Invader.h" />
    <ClInclude Include="headers\Managers\ObjectManager.h" />
    <ClInclude Include="headers\InvaderController.h" />
    <ClInclude Include="headers\GameObjects\Missile.h" />
  </ItemGroup>
  <ItemGroup>
    <ClCompile Include="source\Game.cpp" />
    <ClCompile Include="source\main.cpp" />
    <ClCompile Include="source\glad.c" />
    <ClCompile Include="source\Rendering\Shader.cpp" />
    <ClCompile Include="source\Rendering\Texture.cpp" />
    <ClCompile Include="source\Managers\ResourceManager.cpp" />
    <ClCompile Include="source\Rendering\stb_image.cpp" />
    <ClCompile Include="source\Rendering\SpriteRenderer.cpp" />
    <ClCompile Include="source\GameObjects\GameObject.cpp" />
    <ClCompile Include="source\Managers\InputManager.cpp" />
    <ClCompile Include="source\GameObjects\Cannon.cpp" />
    <ClCompile Include="source\GameObjects\Laser.cpp" />
    <ClCompile Include="source\GameObjects\Invader.cpp" />
    <ClCompile Include="source\Managers\ObjectManager.cpp" />
    <ClCompile Include="source\InvaderController.cpp" />
    <ClCompile Include="source\GameObjects\Missile.cpp" />
  </ItemGroup>
  <ItemGroup>
    <None Include="resources\shaders\sprite.vs" />
    <None Include="resources\shaders\sprite.fs" />
  </ItemGroup>
  <ItemGroup>
    <Image Include="resources\textures\crab_up.png" />
    <Image Include="resources\textures\crab_down.png" />
    <Image Include="resources\textures\laser.png" />
    <Image Include="resources\textures\cannon.png" />
    <Image Include="resources\textures\octopus_up.png" />
    <Image Include="resources\textures\octopus_down.png" />
    <Image Include="resources\textures\squid_down.png" />
    <Image Include="resources\textures\squid_up.png" />
    <Image Include="resources\textures\invader_explosion.png" />
    <Image Include="resources\textures\plunger_0.png" />
    <Image Include="resources\textures\plunger_1.png" />
    <Image Include="resources\textures\plunger_2.png" />
    <Image Include="resources\textures\plunger_3.png" />
    <Image Include="resources\textures\missile_explosion.png" />
  </ItemGroup>
</Project>