<?xml version="1.0" encoding="utf-8"?>
<Project ToolsVersion="4.0" xmlns="http://schemas.microsoft.com/developer/msbuild/2003">
  <ItemGroup>
    <ClInclude Include="headers\Game.h" />
    <ClInclude Include="headers\Shader.h" />
    <ClInclude Include="headers\Texture.h" />
    <ClInclude Include="headers\ResourceManager.h" />
    <ClInclude Include="headers\stb_image.h" />
    <ClInclude Include="headers\SpriteRenderer.h" />
  </ItemGroup>
  <ItemGroup>
    <ClCompile Include="source\Game.cpp" />
    <ClCompile Include="source\main.cpp" />
    <ClCompile Include="source\glad.c" />
    <ClCompile Include="source\Shader.cpp" />
    <ClCompile Include="source\Texture.cpp" />
    <ClCompile Include="source\ResourceManager.cpp" />
    <ClCompile Include="source\stb_image.cpp" />
    <ClCompile Include="source\SpriteRenderer.cpp" />
  </ItemGroup>
  <ItemGroup>
    <None Include="resources\shaders\sprite.vs" />
    <None Include="resources\shaders\sprite.fs" />
  </ItemGroup>
  <ItemGroup>
    <Image Include="resources\textures\awesomeface.png" />
  </ItemGroup>
</Project>